lockfileVersion: '9.0'

settings:
  autoInstallPeers: true
  excludeLinksFromLockfile: false

importers:

  .:
    dependencies:
      overpy:
        specifier: ^9.5.12
        version: 9.5.12

packages:

  overpy@9.5.12:
    resolution: {integrity: sha512-XBw37Kvgxu/RVNhVugB8KckBexjZ4GFbfY6m9ii3KzibmvYSkW+nwu3KGBC2QlNuslaaaV+/2EozC/eN+L/QKw==}
    hasBin: true

snapshots:

  overpy@9.5.12: {}
