lockfileVersion: '9.0'

settings:
  autoInstallPeers: true
  excludeLinksFromLockfile: false

importers:

  .:
    dependencies:
      overpy:
        specifier: ^9.6.8
        version: 9.6.8

packages:

  overpy@9.6.8:
    resolution: {integrity: sha512-ohq4jf48TsvLwBGUMMbnlGITbJ23XC24XZqk9bqk2FNNKisgjBmDLWRTLQ9Z8U9FEmxNuyyNmLl9MJ4HwPiV+g==}
    hasBin: true

snapshots:

  overpy@9.6.8: {}
