lockfileVersion: '9.0'

settings:
  autoInstallPeers: true
  excludeLinksFromLockfile: false

importers:

  .:
    dependencies:
      overpy:
        specifier: ^9.4.24
        version: 9.4.24

packages:

  overpy@9.4.24:
    resolution: {integrity: sha512-jAd9viDyamSSgJVlpLyFiTD7Mim3t3bj0P1b1n3nYtbCguFtWDKusJnp5d6scqFGnkW7/lIxEgbyu2edeAJwLg==}
    hasBin: true

snapshots:

  overpy@9.4.24: {}
